Microsoft Visual Studio Solution File, Format Version 11.00
# Visual Studio 2008

Project("{4853E8D9-2067-55A7-794E-03D223213A53}") = "camera movement", "Assembly-CSharp-firstpass.csproj", "{D36D6394-2256-AB11-B094-FA3A6AA3E058}"
EndProject
Project("{4853E8D9-2067-55A7-794E-03D223213A53}") = "camera movement", "Assembly-CSharp.csproj", "{D341DAC5-9E69-A819-5580-D3557C8F19E8}"
EndProject
Project("{4853E8D9-2067-55A7-794E-03D223213A53}") = "camera movement", "Assembly-UnityScript-firstpass.unityproj", "{4D9A9063-6C91-55BA-32A0-2EE67F60D501}"
EndProject
Global
	GlobalSection(SolutionConfigurationPlatforms) = preSolution
		Debug|Any CPU = Debug|Any CPU
		Release|Any CPU = Release|Any CPU
	EndGlobalSection
	GlobalSection(ProjectConfigurationPlatforms) = postSolution
		{D36D6394-2256-AB11-B094-FA3A6AA3E058}.Debug|Any CPU.ActiveCfg = Debug|Any CPU
		{D36D6394-2256-AB11-B094-FA3A6AA3E058}.Debug|Any CPU.Build.0 = Debug|Any CPU
		{D36D6394-2256-AB11-B094-FA3A6AA3E058}.Release|Any CPU.ActiveCfg = Release|Any CPU
		{D36D6394-2256-AB11-B094-FA3A6AA3E058}.Release|Any CPU.Build.0 = Release|Any CPU
		{D341DAC5-9E69-A819-5580-D3557C8F19E8}.Debug|Any CPU.ActiveCfg = Debug|Any CPU
		{D341DAC5-9E69-A819-5580-D3557C8F19E8}.Debug|Any CPU.Build.0 = Debug|Any CPU
		{D341DAC5-9E69-A819-5580-D3557C8F19E8}.Release|Any CPU.ActiveCfg = Release|Any CPU
		{D341DAC5-9E69-A819-5580-D3557C8F19E8}.Release|Any CPU.Build.0 = Release|Any CPU
		{4D9A9063-6C91-55BA-32A0-2EE67F60D501}.Debug|Any CPU.ActiveCfg = Debug|Any CPU
		{4D9A9063-6C91-55BA-32A0-2EE67F60D501}.Debug|Any CPU.Build.0 = Debug|Any CPU
		{4D9A9063-6C91-55BA-32A0-2EE67F60D501}.Release|Any CPU.ActiveCfg = Release|Any CPU
		{4D9A9063-6C91-55BA-32A0-2EE67F60D501}.Release|Any CPU.Build.0 = Release|Any CPU
	EndGlobalSection
	GlobalSection(SolutionProperties) = preSolution
		HideSolutionNode = FALSE
	EndGlobalSection
												GlobalSection(MonoDevelopProperties) = preSolution
		StartupItem = Assembly-CSharp.csproj
		Policies = $0
		$0.TextStylePolicy = $1
		$1.inheritsSet = null
		$1.scope = text/x-csharp
		$0.CSharpFormattingPolicy = $2
		$2.inheritsSet = Mono
		$2.inheritsScope = text/x-csharp
		$2.scope = text/x-csharp
		$0.TextStylePolicy = $3
		$3.FileWidth = 120
		$3.TabWidth = 4
		$3.EolMarker = Unix
		$3.inheritsSet = Mono
		$3.inheritsScope = text/plain
		$3.scope = text/plain
	EndGlobalSection

EndGlobal
